# This file is automatically @generated by Cargo.
# It is not intended for manual editing.
version = 3

[[package]]
name = "fc-fontations"
version = "0.1.0"
dependencies = [
 "fc-fontations-bindgen",
 "libc",
]

[[package]]
name = "fc-fontations-bindgen"
version = "0.1.0"
dependencies = [
 "libc",
]

[[package]]
name = "libc"
version = "0.2.165"
source = "registry+https://github.com/rust-lang/crates.io-index"
checksum = "fcb4d3d38eab6c5239a362fa8bae48c03baf980a6e7079f063942d563ef3533e"
